
Microsoft Visual Studio Solution File, Format Version 12.00
# Visual Studio Version 16
VisualStudioVersion = 16.0.30413.136
MinimumVisualStudioVersion = 10.0.40219.1
Project("{9A19103F-16F7-4668-BE54-9A1E7A4F7556}") = "AnalyticHierarchyProcess", "AnalyticHierarchyProcess\AnalyticHierarchyProcess.csproj", "{DA0F8A2D-1802-4AA8-BC09-680723C434F8}"
EndProject
Project("{9A19103F-16F7-4668-BE54-9A1E7A4F7556}") = "ELECTRE", "ELECTRE\ELECTRE.csproj", "{6E025429-10C9-49C1-AA76-7EC6AA32A235}"
EndProject
Project("{888888A0-9F3D-457C-B088-3A5042F75D52}") = "MatrixGames", "MatrixGames\MatrixGames.pyproj", "{00C8A82F-C7A4-4123-AA70-CAC80EF58CE0}"
EndProject
Project("{FAE04EC0-301F-11D3-BF4B-00C04F79EFBC}") = "DiagnosticTest", "DiagnosticTest\DiagnosticTest.csproj", "{B2B674C2-C6B7-4E91-80D8-EBE64F9871C0}"
EndProject
Global
	GlobalSection(SolutionConfigurationPlatforms) = preSolution
		Debug|Any CPU = Debug|Any CPU
		Release|Any CPU = Release|Any CPU
	EndGlobalSection
	GlobalSection(ProjectConfigurationPlatforms) = postSolution
		{DA0F8A2D-1802-4AA8-BC09-680723C434F8}.Debug|Any CPU.ActiveCfg = Debug|Any CPU
		{DA0F8A2D-1802-4AA8-BC09-680723C434F8}.Debug|Any CPU.Build.0 = Debug|Any CPU
		{DA0F8A2D-1802-4AA8-BC09-680723C434F8}.Release|Any CPU.ActiveCfg = Release|Any CPU
		{DA0F8A2D-1802-4AA8-BC09-680723C434F8}.Release|Any CPU.Build.0 = Release|Any CPU
		{6E025429-10C9-49C1-AA76-7EC6AA32A235}.Debug|Any CPU.ActiveCfg = Debug|Any CPU
		{6E025429-10C9-49C1-AA76-7EC6AA32A235}.Debug|Any CPU.Build.0 = Debug|Any CPU
		{6E025429-10C9-49C1-AA76-7EC6AA32A235}.Release|Any CPU.ActiveCfg = Release|Any CPU
		{6E025429-10C9-49C1-AA76-7EC6AA32A235}.Release|Any CPU.Build.0 = Release|Any CPU
		{00C8A82F-C7A4-4123-AA70-CAC80EF58CE0}.Debug|Any CPU.ActiveCfg = Debug|Any CPU
		{00C8A82F-C7A4-4123-AA70-CAC80EF58CE0}.Release|Any CPU.ActiveCfg = Release|Any CPU
		{B2B674C2-C6B7-4E91-80D8-EBE64F9871C0}.Debug|Any CPU.ActiveCfg = Debug|Any CPU
		{B2B674C2-C6B7-4E91-80D8-EBE64F9871C0}.Debug|Any CPU.Build.0 = Debug|Any CPU
		{B2B674C2-C6B7-4E91-80D8-EBE64F9871C0}.Release|Any CPU.ActiveCfg = Release|Any CPU
		{B2B674C2-C6B7-4E91-80D8-EBE64F9871C0}.Release|Any CPU.Build.0 = Release|Any CPU
	EndGlobalSection
	GlobalSection(SolutionProperties) = preSolution
		HideSolutionNode = FALSE
	EndGlobalSection
	GlobalSection(ExtensibilityGlobals) = postSolution
		SolutionGuid = {17C24E2E-D000-4F2A-9DE4-11AE10720A55}
	EndGlobalSection
EndGlobal
